
Microsoft Visual Studio Solution File, Format Version 12.00
# Visual Studio 15
Project("{FAE04EC0-301F-11D3-BF4B-00C04F79EFBC}") = "Assembly-CSharp", "Assembly-CSharp.csproj", "{67B5E1D9-A549-AC7C-D8D2-41A88D7B1640}"
EndProject
Project("{FAE04EC0-301F-11D3-BF4B-00C04F79EFBC}") = "Assembly-CSharp-Editor", "Assembly-CSharp-Editor.csproj", "{58072958-8E86-571D-7807-F737023201FC}"
EndProject
Global
	GlobalSection(SolutionConfigurationPlatforms) = preSolution
		Debug|Any CPU = Debug|Any CPU
		Release|Any CPU = Release|Any CPU
	EndGlobalSection
	GlobalSection(ProjectConfigurationPlatforms) = postSolution
		{67B5E1D9-A549-AC7C-D8D2-41A88D7B1640}.Debug|Any CPU.ActiveCfg = Debug|Any CPU
		{67B5E1D9-A549-AC7C-D8D2-41A88D7B1640}.Debug|Any CPU.Build.0 = Debug|Any CPU
		{67B5E1D9-A549-AC7C-D8D2-41A88D7B1640}.Release|Any CPU.ActiveCfg = Release|Any CPU
		{67B5E1D9-A549-AC7C-D8D2-41A88D7B1640}.Release|Any CPU.Build.0 = Release|Any CPU
		{58072958-8E86-571D-7807-F737023201FC}.Debug|Any CPU.ActiveCfg = Debug|Any CPU
		{58072958-8E86-571D-7807-F737023201FC}.Debug|Any CPU.Build.0 = Debug|Any CPU
		{58072958-8E86-571D-7807-F737023201FC}.Release|Any CPU.ActiveCfg = Release|Any CPU
		{58072958-8E86-571D-7807-F737023201FC}.Release|Any CPU.Build.0 = Release|Any CPU
	EndGlobalSection
	GlobalSection(SolutionProperties) = preSolution
		HideSolutionNode = FALSE
	EndGlobalSection
EndGlobal
